
Microsoft Visual Studio Solution File, Format Version 12.00
# Visual Studio Version 16
VisualStudioVersion = 16.0.32106.194
MinimumVisualStudioVersion = 10.0.40219.1
Project("{FAE04EC0-301F-11D3-BF4B-00C04F79EFBC}") = "DistanceConverter", "DistanceConverter\DistanceConverter.csproj", "{F88E0439-07BA-4447-88BC-DBB2FAAA274A}"
EndProject
Global
	GlobalSection(SolutionConfigurationPlatforms) = preSolution
		Debug|Any CPU = Debug|Any CPU
		Release|Any CPU = Release|Any CPU
	EndGlobalSection
	GlobalSection(ProjectConfigurationPlatforms) = postSolution
		{F88E0439-07BA-4447-88BC-DBB2FAAA274A}.Debug|Any CPU.ActiveCfg = Debug|Any CPU
		{F88E0439-07BA-4447-88BC-DBB2FAAA274A}.Debug|Any CPU.Build.0 = Debug|Any CPU
		{F88E0439-07BA-4447-88BC-DBB2FAAA274A}.Release|Any CPU.ActiveCfg = Release|Any CPU
		{F88E0439-07BA-4447-88BC-DBB2FAAA274A}.Release|Any CPU.Build.0 = Release|Any CPU
	EndGlobalSection
	GlobalSection(SolutionProperties) = preSolution
		HideSolutionNode = FALSE
	EndGlobalSection
	GlobalSection(ExtensibilityGlobals) = postSolution
		SolutionGuid = {90C049E0-F15C-45B1-8F7C-837D295B1143}
	EndGlobalSection
EndGlobal
