
Microsoft Visual Studio Solution File, Format Version 12.00
# Visual Studio Version 16
VisualStudioVersion = 16.0.32106.194
MinimumVisualStudioVersion = 10.0.40219.1
Project("{FAE04EC0-301F-11D3-BF4B-00C04F79EFBC}") = "CustomerSubscription", "CustomerSubscription\CustomerSubscription.csproj", "{45F9F17B-2451-41D3-ACE4-598DA36FC29B}"
EndProject
Global
	GlobalSection(SolutionConfigurationPlatforms) = preSolution
		Debug|Any CPU = Debug|Any CPU
		Release|Any CPU = Release|Any CPU
	EndGlobalSection
	GlobalSection(ProjectConfigurationPlatforms) = postSolution
		{45F9F17B-2451-41D3-ACE4-598DA36FC29B}.Debug|Any CPU.ActiveCfg = Debug|Any CPU
		{45F9F17B-2451-41D3-ACE4-598DA36FC29B}.Debug|Any CPU.Build.0 = Debug|Any CPU
		{45F9F17B-2451-41D3-ACE4-598DA36FC29B}.Release|Any CPU.ActiveCfg = Release|Any CPU
		{45F9F17B-2451-41D3-ACE4-598DA36FC29B}.Release|Any CPU.Build.0 = Release|Any CPU
	EndGlobalSection
	GlobalSection(SolutionProperties) = preSolution
		HideSolutionNode = FALSE
	EndGlobalSection
	GlobalSection(ExtensibilityGlobals) = postSolution
		SolutionGuid = {1AF126F4-2E58-4F33-A6C0-223B794104AF}
	EndGlobalSection
EndGlobal
