
Microsoft Visual Studio Solution File, Format Version 12.00
# Visual Studio Version 16
VisualStudioVersion = 16.0.32106.194
MinimumVisualStudioVersion = 10.0.40219.1
Project("{FAE04EC0-301F-11D3-BF4B-00C04F79EFBC}") = "Name Search", "Name Search\Name Search.csproj", "{F05B223A-E047-42E7-A52B-F5FB94B90A36}"
EndProject
Global
	GlobalSection(SolutionConfigurationPlatforms) = preSolution
		Debug|Any CPU = Debug|Any CPU
		Release|Any CPU = Release|Any CPU
	EndGlobalSection
	GlobalSection(ProjectConfigurationPlatforms) = postSolution
		{F05B223A-E047-42E7-A52B-F5FB94B90A36}.Debug|Any CPU.ActiveCfg = Debug|Any CPU
		{F05B223A-E047-42E7-A52B-F5FB94B90A36}.Debug|Any CPU.Build.0 = Debug|Any CPU
		{F05B223A-E047-42E7-A52B-F5FB94B90A36}.Release|Any CPU.ActiveCfg = Release|Any CPU
		{F05B223A-E047-42E7-A52B-F5FB94B90A36}.Release|Any CPU.Build.0 = Release|Any CPU
	EndGlobalSection
	GlobalSection(SolutionProperties) = preSolution
		HideSolutionNode = FALSE
	EndGlobalSection
	GlobalSection(ExtensibilityGlobals) = postSolution
		SolutionGuid = {6CA0471D-1D56-4E38-8B4F-50A5FA4865B1}
	EndGlobalSection
EndGlobal
