
Microsoft Visual Studio Solution File, Format Version 12.00
# Visual Studio Version 16
VisualStudioVersion = 16.0.32106.194
MinimumVisualStudioVersion = 10.0.40219.1
Project("{FAE04EC0-301F-11D3-BF4B-00C04F79EFBC}") = "Random Number File Writer", "Random Number File Writer\Random Number File Writer.csproj", "{9E326831-CD24-4DEE-B3D0-CE6FC9D9081B}"
EndProject
Global
	GlobalSection(SolutionConfigurationPlatforms) = preSolution
		Debug|Any CPU = Debug|Any CPU
		Release|Any CPU = Release|Any CPU
	EndGlobalSection
	GlobalSection(ProjectConfigurationPlatforms) = postSolution
		{9E326831-CD24-4DEE-B3D0-CE6FC9D9081B}.Debug|Any CPU.ActiveCfg = Debug|Any CPU
		{9E326831-CD24-4DEE-B3D0-CE6FC9D9081B}.Debug|Any CPU.Build.0 = Debug|Any CPU
		{9E326831-CD24-4DEE-B3D0-CE6FC9D9081B}.Release|Any CPU.ActiveCfg = Release|Any CPU
		{9E326831-CD24-4DEE-B3D0-CE6FC9D9081B}.Release|Any CPU.Build.0 = Release|Any CPU
	EndGlobalSection
	GlobalSection(SolutionProperties) = preSolution
		HideSolutionNode = FALSE
	EndGlobalSection
	GlobalSection(ExtensibilityGlobals) = postSolution
		SolutionGuid = {E8CC0164-D802-45EE-9FCA-CB58DD980C96}
	EndGlobalSection
EndGlobal
